Microsoft Visual Studio Solution File, Format Version 12.00
# Visual Studio Version 17
VisualStudioVersion = 17.5.2.0
MinimumVisualStudioVersion = 10.0.40219.1
Project("{FAE04EC0-301F-11D3-BF4B-00C04F79EFBC}") = "EmailValidatorPRO", "EmailValidatorPRO.csproj", "{EB4077A1-3A6C-7FFB-3ED6-D511B5EC1C8E}"
EndProject
Global
	GlobalSection(SolutionConfigurationPlatforms) = preSolution
		Debug|Any CPU = Debug|Any CPU
		Release|Any CPU = Release|Any CPU
	EndGlobalSection
	GlobalSection(ProjectConfigurationPlatforms) = postSolution
		{EB4077A1-3A6C-7FFB-3ED6-D511B5EC1C8E}.Debug|Any CPU.ActiveCfg = Debug|Any CPU
		{EB4077A1-3A6C-7FFB-3ED6-D511B5EC1C8E}.Debug|Any CPU.Build.0 = Debug|Any CPU
		{EB4077A1-3A6C-7FFB-3ED6-D511B5EC1C8E}.Release|Any CPU.ActiveCfg = Release|Any CPU
		{EB4077A1-3A6C-7FFB-3ED6-D511B5EC1C8E}.Release|Any CPU.Build.0 = Release|Any CPU
	EndGlobalSection
	GlobalSection(SolutionProperties) = preSolution
		HideSolutionNode = FALSE
	EndGlobalSection
	GlobalSection(ExtensibilityGlobals) = postSolution
		SolutionGuid = {AED1682D-E7DB-4D41-9EEF-4D538F0E6F41}
	EndGlobalSection
EndGlobal
